
Microsoft Visual Studio Solution File, Format Version 12.00
# Visual Studio Version 17
VisualStudioVersion = 17.3.32901.215
MinimumVisualStudioVersion = 10.0.40219.1
Project("{9A19103F-16F7-4668-BE54-9A1E7A4F7556}") = "WEB1001-1", "WEB1001-FirstApp\WEB1001-1.csproj", "{31D1C36F-23A4-4A0E-AADD-8551EB460BCA}"
EndProject
Global
	GlobalSection(SolutionConfigurationPlatforms) = preSolution
		Debug|Any CPU = Debug|Any CPU
		Release|Any CPU = Release|Any CPU
	EndGlobalSection
	GlobalSection(ProjectConfigurationPlatforms) = postSolution
		{31D1C36F-23A4-4A0E-AADD-8551EB460BCA}.Debug|Any CPU.ActiveCfg = Debug|Any CPU
		{31D1C36F-23A4-4A0E-AADD-8551EB460BCA}.Debug|Any CPU.Build.0 = Debug|Any CPU
		{31D1C36F-23A4-4A0E-AADD-8551EB460BCA}.Release|Any CPU.ActiveCfg = Release|Any CPU
		{31D1C36F-23A4-4A0E-AADD-8551EB460BCA}.Release|Any CPU.Build.0 = Release|Any CPU
	EndGlobalSection
	GlobalSection(SolutionProperties) = preSolution
		HideSolutionNode = FALSE
	EndGlobalSection
	GlobalSection(ExtensibilityGlobals) = postSolution
		SolutionGuid = {EA145142-2471-41CE-BC82-67539CE65D7A}
	EndGlobalSection
EndGlobal
